<?xml version="1.0" encoding="UTF-8" standalone="yes" ?>
<CodeBlocks_project_file>
	<FileVersion major="1" minor="6" />
	<Project>
		<Option title="messenger" />
		<Option pch_mode="2" />
		<Option compiler="gcc" />
		<Build>
			<Target title="Debug">
				<Option output="bin/Debug/messenger" prefix_auto="1" extension_auto="1" />
				<Option object_output="obj/Debug/" />
				<Option type="1" />
				<Option compiler="gcc" />
				<Compiler>
					<Add option="-g" />
				</Compiler>
			</Target>
			<Target title="Release">
				<Option output="bin/Release/messenger" prefix_auto="1" extension_auto="1" />
				<Option object_output="obj/Release/" />
				<Option type="1" />
				<Option compiler="gcc" />
				<Compiler>
					<Add option="-O2" />
				</Compiler>
				<Linker>
					<Add option="-s" />
				</Linker>
			</Target>
		</Build>
		<Compiler>
			<Add option="-Wall" />
		</Compiler>
		<Unit filename="Block.cpp" />
		<Unit filename="Block.h" />
		<Unit filename="Building.cpp" />
		<Unit filename="Building.h" />
		<Unit filename="City.cpp" />
		<Unit filename="City.h" />
		<Unit filename="Climate.cpp" />
		<Unit filename="Climate.h" />
		<Unit filename="Counrty.cpp" />
		<Unit filename="Country.h" />
		<Unit filename="Creature.cpp" />
		<Unit filename="Creature.h" />
		<Unit filename="CreatureBase.cpp" />
		<Unit filename="CreatureBase.h" />
		<Unit filename="GameInfo.cpp" />
		<Unit filename="GameInfo.h" />
		<Unit filename="Ground.cpp" />
		<Unit filename="Ground.h" />
		<Unit filename="Map.cpp" />
		<Unit filename="Map.h" />
		<Unit filename="Player.cpp" />
		<Unit filename="Player.h" />
		<Unit filename="Position.cpp" />
		<Unit filename="Position.h" />
		<Unit filename="Sandbox.cpp" />
		<Unit filename="Tool.cpp" />
		<Unit filename="Tool.h" />
		<Extensions>
			<code_completion />
			<envvars />
			<debugger />
		</Extensions>
	</Project>
</CodeBlocks_project_file>
